
Microsoft Visual Studio Solution File, Format Version 12.00
# Visual Studio Version 16
VisualStudioVersion = 16.0.30804.86
MinimumVisualStudioVersion = 10.0.40219.1
Project("{2150E333-8FDC-42A3-9474-1A3956D46DE8}") = "Trash", "Trash", "{40D87B35-C396-4EE8-BC6D-781E99E3DE48}"
EndProject
Project("{9A19103F-16F7-4668-BE54-9A1E7A4F7556}") = "Bill.Management.Console", "Bill.Management.Console\Bill.Management.Console.csproj", "{61EE8B73-5B7A-4D43-B98C-53BEF766BFAD}"
EndProject
Project("{9A19103F-16F7-4668-BE54-9A1E7A4F7556}") = "Bill.Management.Core.Abstractions", "Bill.Management.Core.Abstractions\Bill.Management.Core.Abstractions.csproj", "{C9C2A968-B801-49E1-8E0E-37ABC773E42D}"
EndProject
Project("{9A19103F-16F7-4668-BE54-9A1E7A4F7556}") = "Bill.Management.Core.Implementations", "Bill.Management.Core.Implementations\Bill.Management.Core.Implementations.csproj", "{70F170ED-FE35-4F2E-B946-8285853BE4CF}"
EndProject
Project("{2150E333-8FDC-42A3-9474-1A3956D46DE8}") = "Core", "Core", "{15E668CA-666F-45A1-BF32-E58DBD55A17B}"
EndProject
Project("{2150E333-8FDC-42A3-9474-1A3956D46DE8}") = "Implementations", "Implementations", "{81AC2F66-6779-4AF1-82A6-A45926E9A2FE}"
EndProject
Project("{9A19103F-16F7-4668-BE54-9A1E7A4F7556}") = "Bill.Management.Abstractions", "Bill.Management.Abstractions\Bill.Management.Abstractions.csproj", "{25D6EBCB-1285-4BAD-BC7D-74E0DE9ACF0B}"
EndProject
Project("{9A19103F-16F7-4668-BE54-9A1E7A4F7556}") = "Bill.Management.Implementations", "Bill.Management.Implementations\Bill.Management.Implementations.csproj", "{F5C5FC7B-1176-4520-BFE3-4287EF6FA447}"
EndProject
Project("{FAE04EC0-301F-11D3-BF4B-00C04F79EFBC}") = "Tasks.Management", "Tasks.Management\Tasks.Management.csproj", "{2450C939-F3F9-4AEF-AF2B-05E991D661F4}"
EndProject
Project("{FAE04EC0-301F-11D3-BF4B-00C04F79EFBC}") = "Bill.Managemen.Rest.Service", "Bill.Managemen.Rest.Service\Bill.Managemen.Rest.Service.csproj", "{36C2E00F-8A51-460B-B3FF-48DCDDD490FD}"
EndProject
Project("{2150E333-8FDC-42A3-9474-1A3956D46DE8}") = "BusinessLogic", "BusinessLogic", "{405095E5-0ECB-47E3-B0DA-3F6F35324025}"
EndProject
Project("{2150E333-8FDC-42A3-9474-1A3956D46DE8}") = "Servers", "Servers", "{7C46A7B7-E232-4A3C-941C-94B02652AB19}"
EndProject
Project("{2150E333-8FDC-42A3-9474-1A3956D46DE8}") = "WebApi", "WebApi", "{02EC7829-8195-4B1F-9056-C4CF515EAE82}"
EndProject
Project("{FAE04EC0-301F-11D3-BF4B-00C04F79EFBC}") = "Bill.Management.Rest.Service.Client", "Bill.Management.Rest.Service.Client\Bill.Management.Rest.Service.Client.csproj", "{C311353B-20F1-4B2B-9341-C7443D711A3B}"
EndProject
Project("{FAE04EC0-301F-11D3-BF4B-00C04F79EFBC}") = "Bill.Management", "Bill.Management\Bill.Management.csproj", "{ED707DD5-E4DB-432E-97FF-4234E78FFEBF}"
EndProject
Global
	GlobalSection(SolutionConfigurationPlatforms) = preSolution
		Debug|Any CPU = Debug|Any CPU
		Debug|x86 = Debug|x86
		Release|Any CPU = Release|Any CPU
		Release|x86 = Release|x86
	EndGlobalSection
	GlobalSection(ProjectConfigurationPlatforms) = postSolution
		{61EE8B73-5B7A-4D43-B98C-53BEF766BFAD}.Debug|Any CPU.ActiveCfg = Debug|Any CPU
		{61EE8B73-5B7A-4D43-B98C-53BEF766BFAD}.Debug|Any CPU.Build.0 = Debug|Any CPU
		{61EE8B73-5B7A-4D43-B98C-53BEF766BFAD}.Debug|x86.ActiveCfg = Debug|Any CPU
		{61EE8B73-5B7A-4D43-B98C-53BEF766BFAD}.Debug|x86.Build.0 = Debug|Any CPU
		{61EE8B73-5B7A-4D43-B98C-53BEF766BFAD}.Release|Any CPU.ActiveCfg = Release|Any CPU
		{61EE8B73-5B7A-4D43-B98C-53BEF766BFAD}.Release|Any CPU.Build.0 = Release|Any CPU
		{61EE8B73-5B7A-4D43-B98C-53BEF766BFAD}.Release|x86.ActiveCfg = Release|Any CPU
		{61EE8B73-5B7A-4D43-B98C-53BEF766BFAD}.Release|x86.Build.0 = Release|Any CPU
		{C9C2A968-B801-49E1-8E0E-37ABC773E42D}.Debug|Any CPU.ActiveCfg = Debug|Any CPU
		{C9C2A968-B801-49E1-8E0E-37ABC773E42D}.Debug|Any CPU.Build.0 = Debug|Any CPU
		{C9C2A968-B801-49E1-8E0E-37ABC773E42D}.Debug|x86.ActiveCfg = Debug|Any CPU
		{C9C2A968-B801-49E1-8E0E-37ABC773E42D}.Debug|x86.Build.0 = Debug|Any CPU
		{C9C2A968-B801-49E1-8E0E-37ABC773E42D}.Release|Any CPU.ActiveCfg = Release|Any CPU
		{C9C2A968-B801-49E1-8E0E-37ABC773E42D}.Release|Any CPU.Build.0 = Release|Any CPU
		{C9C2A968-B801-49E1-8E0E-37ABC773E42D}.Release|x86.ActiveCfg = Release|Any CPU
		{C9C2A968-B801-49E1-8E0E-37ABC773E42D}.Release|x86.Build.0 = Release|Any CPU
		{70F170ED-FE35-4F2E-B946-8285853BE4CF}.Debug|Any CPU.ActiveCfg = Debug|Any CPU
		{70F170ED-FE35-4F2E-B946-8285853BE4CF}.Debug|Any CPU.Build.0 = Debug|Any CPU
		{70F170ED-FE35-4F2E-B946-8285853BE4CF}.Debug|x86.ActiveCfg = Debug|Any CPU
		{70F170ED-FE35-4F2E-B946-8285853BE4CF}.Debug|x86.Build.0 = Debug|Any CPU
		{70F170ED-FE35-4F2E-B946-8285853BE4CF}.Release|Any CPU.ActiveCfg = Release|Any CPU
		{70F170ED-FE35-4F2E-B946-8285853BE4CF}.Release|Any CPU.Build.0 = Release|Any CPU
		{70F170ED-FE35-4F2E-B946-8285853BE4CF}.Release|x86.ActiveCfg = Release|Any CPU
		{70F170ED-FE35-4F2E-B946-8285853BE4CF}.Release|x86.Build.0 = Release|Any CPU
		{25D6EBCB-1285-4BAD-BC7D-74E0DE9ACF0B}.Debug|Any CPU.ActiveCfg = Debug|Any CPU
		{25D6EBCB-1285-4BAD-BC7D-74E0DE9ACF0B}.Debug|Any CPU.Build.0 = Debug|Any CPU
		{25D6EBCB-1285-4BAD-BC7D-74E0DE9ACF0B}.Debug|x86.ActiveCfg = Debug|Any CPU
		{25D6EBCB-1285-4BAD-BC7D-74E0DE9ACF0B}.Debug|x86.Build.0 = Debug|Any CPU
		{25D6EBCB-1285-4BAD-BC7D-74E0DE9ACF0B}.Release|Any CPU.ActiveCfg = Release|Any CPU
		{25D6EBCB-1285-4BAD-BC7D-74E0DE9ACF0B}.Release|Any CPU.Build.0 = Release|Any CPU
		{25D6EBCB-1285-4BAD-BC7D-74E0DE9ACF0B}.Release|x86.ActiveCfg = Release|Any CPU
		{25D6EBCB-1285-4BAD-BC7D-74E0DE9ACF0B}.Release|x86.Build.0 = Release|Any CPU
		{F5C5FC7B-1176-4520-BFE3-4287EF6FA447}.Debug|Any CPU.ActiveCfg = Debug|Any CPU
		{F5C5FC7B-1176-4520-BFE3-4287EF6FA447}.Debug|Any CPU.Build.0 = Debug|Any CPU
		{F5C5FC7B-1176-4520-BFE3-4287EF6FA447}.Debug|x86.ActiveCfg = Debug|Any CPU
		{F5C5FC7B-1176-4520-BFE3-4287EF6FA447}.Debug|x86.Build.0 = Debug|Any CPU
		{F5C5FC7B-1176-4520-BFE3-4287EF6FA447}.Release|Any CPU.ActiveCfg = Release|Any CPU
		{F5C5FC7B-1176-4520-BFE3-4287EF6FA447}.Release|Any CPU.Build.0 = Release|Any CPU
		{F5C5FC7B-1176-4520-BFE3-4287EF6FA447}.Release|x86.ActiveCfg = Release|Any CPU
		{F5C5FC7B-1176-4520-BFE3-4287EF6FA447}.Release|x86.Build.0 = Release|Any CPU
		{2450C939-F3F9-4AEF-AF2B-05E991D661F4}.Debug|Any CPU.ActiveCfg = Debug|Any CPU
		{2450C939-F3F9-4AEF-AF2B-05E991D661F4}.Debug|Any CPU.Build.0 = Debug|Any CPU
		{2450C939-F3F9-4AEF-AF2B-05E991D661F4}.Debug|x86.ActiveCfg = Debug|Any CPU
		{2450C939-F3F9-4AEF-AF2B-05E991D661F4}.Debug|x86.Build.0 = Debug|Any CPU
		{2450C939-F3F9-4AEF-AF2B-05E991D661F4}.Release|Any CPU.ActiveCfg = Release|Any CPU
		{2450C939-F3F9-4AEF-AF2B-05E991D661F4}.Release|Any CPU.Build.0 = Release|Any CPU
		{2450C939-F3F9-4AEF-AF2B-05E991D661F4}.Release|x86.ActiveCfg = Release|Any CPU
		{2450C939-F3F9-4AEF-AF2B-05E991D661F4}.Release|x86.Build.0 = Release|Any CPU
		{36C2E00F-8A51-460B-B3FF-48DCDDD490FD}.Debug|Any CPU.ActiveCfg = Debug|Any CPU
		{36C2E00F-8A51-460B-B3FF-48DCDDD490FD}.Debug|Any CPU.Build.0 = Debug|Any CPU
		{36C2E00F-8A51-460B-B3FF-48DCDDD490FD}.Debug|x86.ActiveCfg = Debug|Any CPU
		{36C2E00F-8A51-460B-B3FF-48DCDDD490FD}.Debug|x86.Build.0 = Debug|Any CPU
		{36C2E00F-8A51-460B-B3FF-48DCDDD490FD}.Release|Any CPU.ActiveCfg = Release|Any CPU
		{36C2E00F-8A51-460B-B3FF-48DCDDD490FD}.Release|Any CPU.Build.0 = Release|Any CPU
		{36C2E00F-8A51-460B-B3FF-48DCDDD490FD}.Release|x86.ActiveCfg = Release|Any CPU
		{36C2E00F-8A51-460B-B3FF-48DCDDD490FD}.Release|x86.Build.0 = Release|Any CPU
		{C311353B-20F1-4B2B-9341-C7443D711A3B}.Debug|Any CPU.ActiveCfg = Debug|Any CPU
		{C311353B-20F1-4B2B-9341-C7443D711A3B}.Debug|Any CPU.Build.0 = Debug|Any CPU
		{C311353B-20F1-4B2B-9341-C7443D711A3B}.Debug|x86.ActiveCfg = Debug|Any CPU
		{C311353B-20F1-4B2B-9341-C7443D711A3B}.Debug|x86.Build.0 = Debug|Any CPU
		{C311353B-20F1-4B2B-9341-C7443D711A3B}.Release|Any CPU.ActiveCfg = Release|Any CPU
		{C311353B-20F1-4B2B-9341-C7443D711A3B}.Release|Any CPU.Build.0 = Release|Any CPU
		{C311353B-20F1-4B2B-9341-C7443D711A3B}.Release|x86.ActiveCfg = Release|Any CPU
		{C311353B-20F1-4B2B-9341-C7443D711A3B}.Release|x86.Build.0 = Release|Any CPU
		{ED707DD5-E4DB-432E-97FF-4234E78FFEBF}.Debug|Any CPU.ActiveCfg = Debug|Any CPU
		{ED707DD5-E4DB-432E-97FF-4234E78FFEBF}.Debug|Any CPU.Build.0 = Debug|Any CPU
		{ED707DD5-E4DB-432E-97FF-4234E78FFEBF}.Debug|x86.ActiveCfg = Debug|Any CPU
		{ED707DD5-E4DB-432E-97FF-4234E78FFEBF}.Debug|x86.Build.0 = Debug|Any CPU
		{ED707DD5-E4DB-432E-97FF-4234E78FFEBF}.Release|Any CPU.ActiveCfg = Release|Any CPU
		{ED707DD5-E4DB-432E-97FF-4234E78FFEBF}.Release|Any CPU.Build.0 = Release|Any CPU
		{ED707DD5-E4DB-432E-97FF-4234E78FFEBF}.Release|x86.ActiveCfg = Release|Any CPU
		{ED707DD5-E4DB-432E-97FF-4234E78FFEBF}.Release|x86.Build.0 = Release|Any CPU
	EndGlobalSection
	GlobalSection(SolutionProperties) = preSolution
		HideSolutionNode = FALSE
	EndGlobalSection
	GlobalSection(NestedProjects) = preSolution
		{40D87B35-C396-4EE8-BC6D-781E99E3DE48} = {405095E5-0ECB-47E3-B0DA-3F6F35324025}
		{61EE8B73-5B7A-4D43-B98C-53BEF766BFAD} = {7C46A7B7-E232-4A3C-941C-94B02652AB19}
		{C9C2A968-B801-49E1-8E0E-37ABC773E42D} = {15E668CA-666F-45A1-BF32-E58DBD55A17B}
		{70F170ED-FE35-4F2E-B946-8285853BE4CF} = {15E668CA-666F-45A1-BF32-E58DBD55A17B}
		{15E668CA-666F-45A1-BF32-E58DBD55A17B} = {405095E5-0ECB-47E3-B0DA-3F6F35324025}
		{81AC2F66-6779-4AF1-82A6-A45926E9A2FE} = {405095E5-0ECB-47E3-B0DA-3F6F35324025}
		{25D6EBCB-1285-4BAD-BC7D-74E0DE9ACF0B} = {81AC2F66-6779-4AF1-82A6-A45926E9A2FE}
		{F5C5FC7B-1176-4520-BFE3-4287EF6FA447} = {81AC2F66-6779-4AF1-82A6-A45926E9A2FE}
		{2450C939-F3F9-4AEF-AF2B-05E991D661F4} = {40D87B35-C396-4EE8-BC6D-781E99E3DE48}
		{36C2E00F-8A51-460B-B3FF-48DCDDD490FD} = {02EC7829-8195-4B1F-9056-C4CF515EAE82}
		{02EC7829-8195-4B1F-9056-C4CF515EAE82} = {7C46A7B7-E232-4A3C-941C-94B02652AB19}
		{C311353B-20F1-4B2B-9341-C7443D711A3B} = {02EC7829-8195-4B1F-9056-C4CF515EAE82}
	EndGlobalSection
	GlobalSection(ExtensibilityGlobals) = postSolution
		SolutionGuid = {EF7148E9-6BD4-429D-BF0D-5E097D773D41}
	EndGlobalSection
EndGlobal
